github.com/raflynagachi/golearn v1.0.0 h1:zYDGrdxnU5ktnt5FeOieSb4PDzoQmAvpHIYXUSmsppU=
github.com/raflynagachi/golearn v1.0.0/go.mod h1:WpcyJY21kG6imgEWU9PULyavl61XJaT8BEkqRfHg+HY=
github.com/raflynagachi/golearn v1.0.1 h1:OJIz4uTU6psO50brLBKj5zU2jv3L59Z9T5X24r8sAjc=
github.com/raflynagachi/golearn v1.0.1/go.mod h1:WpcyJY21kG6imgEWU9PULyavl61XJaT8BEkqRfHg+HY=
github.com/raflynagachi/golearn/v2 v2.0.0 h1:KdzZofeubN/Um83eEhbz3rz2GNu6Ye97Dza2yGSqWxw=
github.com/raflynagachi/golearn/v2 v2.0.0/go.mod h1:dVCq2p03gXwSdL1PSEDaKY+FhVWuNq0ZTwx613jYYuc=
